
Microsoft Visual Studio Solution File, Format Version 11.00
# Visual Studio 2010
Project("{FAE04EC0-301F-11D3-BF4B-00C04F79EFBC}") = "AlexTouch.GoogleAdMobAds", "AlexTouch.GoogleAdMobAds\AlexTouch.GoogleAdMobAds.csproj", "{69A9EA74-E8C1-43EC-9F2F-C41A40286430}"
EndProject
Global
	GlobalSection(SolutionConfigurationPlatforms) = preSolution
		Debug|Any CPU = Debug|Any CPU
		Release|Any CPU = Release|Any CPU
	EndGlobalSection
	GlobalSection(ProjectConfigurationPlatforms) = postSolution
		{69A9EA74-E8C1-43EC-9F2F-C41A40286430}.Debug|Any CPU.ActiveCfg = Debug|Any CPU
		{69A9EA74-E8C1-43EC-9F2F-C41A40286430}.Debug|Any CPU.Build.0 = Debug|Any CPU
		{69A9EA74-E8C1-43EC-9F2F-C41A40286430}.Release|Any CPU.ActiveCfg = Release|Any CPU
		{69A9EA74-E8C1-43EC-9F2F-C41A40286430}.Release|Any CPU.Build.0 = Release|Any CPU
	EndGlobalSection
	GlobalSection(MonoDevelopProperties) = preSolution
		StartupItem = AlexTouch.GoogleAdMobAds\AlexTouch.GoogleAdMobAds.csproj
	EndGlobalSection
EndGlobal
