
Microsoft Visual Studio Solution File, Format Version 11.00
# Visual Studio 2010
Project("{FAE04EC0-301F-11D3-BF4B-00C04F79EFBC}") = "AlexTouch.GoogleAdMobAds", "AlexTouch.GoogleAdMobAds\AlexTouch.GoogleAdMobAds.csproj", "{36ADAE1F-188C-4F45-92C4-D2E77C7A308D}"
EndProject
Global
	GlobalSection(SolutionConfigurationPlatforms) = preSolution
		Debug|Any CPU = Debug|Any CPU
		Release|Any CPU = Release|Any CPU
	EndGlobalSection
	GlobalSection(ProjectConfigurationPlatforms) = postSolution
		{36ADAE1F-188C-4F45-92C4-D2E77C7A308D}.Debug|Any CPU.ActiveCfg = Debug|Any CPU
		{36ADAE1F-188C-4F45-92C4-D2E77C7A308D}.Debug|Any CPU.Build.0 = Debug|Any CPU
		{36ADAE1F-188C-4F45-92C4-D2E77C7A308D}.Release|Any CPU.ActiveCfg = Release|Any CPU
		{36ADAE1F-188C-4F45-92C4-D2E77C7A308D}.Release|Any CPU.Build.0 = Release|Any CPU
	EndGlobalSection
	GlobalSection(MonoDevelopProperties) = preSolution
		StartupItem = AlexTouch.GoogleAdMobAds\AlexTouch.GoogleAdMobAds.csproj
	EndGlobalSection
EndGlobal
